
Microsoft Visual Studio Solution File, Format Version 12.00
# Visual Studio 15
VisualStudioVersion = 15.0.28010.2050
MinimumVisualStudioVersion = 10.0.40219.1
Project("{FAE04EC0-301F-11D3-BF4B-00C04F79EFBC}") = "Video-Rental-ASP-MVC", "Video-Rental-ASP-MVC\Video-Rental-ASP-MVC.csproj", "{2EC69C9E-71B2-4FD3-A7D2-B6A6699219A8}"
EndProject
Global
	GlobalSection(SolutionConfigurationPlatforms) = preSolution
		Debug|Any CPU = Debug|Any CPU
		Release|Any CPU = Release|Any CPU
	EndGlobalSection
	GlobalSection(ProjectConfigurationPlatforms) = postSolution
		{2EC69C9E-71B2-4FD3-A7D2-B6A6699219A8}.Debug|Any CPU.ActiveCfg = Debug|Any CPU
		{2EC69C9E-71B2-4FD3-A7D2-B6A6699219A8}.Debug|Any CPU.Build.0 = Debug|Any CPU
		{2EC69C9E-71B2-4FD3-A7D2-B6A6699219A8}.Release|Any CPU.ActiveCfg = Release|Any CPU
		{2EC69C9E-71B2-4FD3-A7D2-B6A6699219A8}.Release|Any CPU.Build.0 = Release|Any CPU
	EndGlobalSection
	GlobalSection(SolutionProperties) = preSolution
		HideSolutionNode = FALSE
	EndGlobalSection
	GlobalSection(ExtensibilityGlobals) = postSolution
		SolutionGuid = {69EC3A72-3672-4C33-B400-8D6F269A0F86}
	EndGlobalSection
EndGlobal
